github.com/mattn/go-pointer v0.0.1 h1:n+XhsuGeVO6MEAp7xyEukFINEa+Quek5psIR/ylA6o0=
github.com/mattn/go-pointer v0.0.1/go.mod h1:2zXcozF6qYGgmsG+SeTZz3oAbFLdD3OWqnUbNvJZAlc=
github.com/veandco/go-sdl2 v0.4.12 h1:zY/yQAR+fWmLquiOSjDaOV9GjRHaFtFwnFjLSIIzL3I=
github.com/veandco/go-sdl2 v0.4.12/go.mod h1:OROqMhHD43nT4/i9crJukyVecjPNYYuCofep6SNiAjY=
